
Microsoft Visual Studio Solution File, Format Version 12.00
# Visual Studio Version 16
VisualStudioVersion = 16.0.30611.23
MinimumVisualStudioVersion = 10.0.40219.1
Project("{8BC9CEB8-8B4A-11D0-8D11-00A0C91BC942}") = "Lab1_SimpleLexicalAnalyzer", "Lab1_SimpleLexicalAnalyzer.vcxproj", "{CF1235B7-7D7C-4A17-B5FD-58720C1C39F5}"
EndProject
Global
	GlobalSection(SolutionConfigurationPlatforms) = preSolution
		Debug|x64 = Debug|x64
		Debug|x86 = Debug|x86
		Release|x64 = Release|x64
		Release|x86 = Release|x86
	EndGlobalSection
	GlobalSection(ProjectConfigurationPlatforms) = postSolution
		{CF1235B7-7D7C-4A17-B5FD-58720C1C39F5}.Debug|x64.ActiveCfg = Debug|x64
		{CF1235B7-7D7C-4A17-B5FD-58720C1C39F5}.Debug|x64.Build.0 = Debug|x64
		{CF1235B7-7D7C-4A17-B5FD-58720C1C39F5}.Debug|x86.ActiveCfg = Debug|Win32
		{CF1235B7-7D7C-4A17-B5FD-58720C1C39F5}.Debug|x86.Build.0 = Debug|Win32
		{CF1235B7-7D7C-4A17-B5FD-58720C1C39F5}.Release|x64.ActiveCfg = Release|x64
		{CF1235B7-7D7C-4A17-B5FD-58720C1C39F5}.Release|x64.Build.0 = Release|x64
		{CF1235B7-7D7C-4A17-B5FD-58720C1C39F5}.Release|x86.ActiveCfg = Release|Win32
		{CF1235B7-7D7C-4A17-B5FD-58720C1C39F5}.Release|x86.Build.0 = Release|Win32
	EndGlobalSection
	GlobalSection(SolutionProperties) = preSolution
		HideSolutionNode = FALSE
	EndGlobalSection
	GlobalSection(ExtensibilityGlobals) = postSolution
		SolutionGuid = {A465C8A7-D212-4C51-9CD8-12FECADD9DB3}
	EndGlobalSection
EndGlobal
